
Microsoft Visual Studio Solution File, Format Version 10.00
# Visual C++ Express 2008
Project("{8BC9CEB8-8B4A-11D0-8D11-00A0C91BC942}") = "ClocXPlugin", "ClocXPlugin\ClocXPlugin.vcproj", "{BBC74ED3-2BA1-4750-B5D2-8E9AEE105870}"
EndProject
Global
	GlobalSection(SolutionConfigurationPlatforms) = preSolution
		Debug|Win32 = Debug|Win32
		Debug|x64 = Debug|x64
		Release|Win32 = Release|Win32
		Release|x64 = Release|x64
	EndGlobalSection
	GlobalSection(ProjectConfigurationPlatforms) = postSolution
		{BBC74ED3-2BA1-4750-B5D2-8E9AEE105870}.Debug|Win32.ActiveCfg = Debug|Win32
		{BBC74ED3-2BA1-4750-B5D2-8E9AEE105870}.Debug|Win32.Build.0 = Debug|Win32
		{BBC74ED3-2BA1-4750-B5D2-8E9AEE105870}.Debug|x64.ActiveCfg = Debug|x64
		{BBC74ED3-2BA1-4750-B5D2-8E9AEE105870}.Debug|x64.Build.0 = Debug|x64
		{BBC74ED3-2BA1-4750-B5D2-8E9AEE105870}.Release|Win32.ActiveCfg = Release|Win32
		{BBC74ED3-2BA1-4750-B5D2-8E9AEE105870}.Release|Win32.Build.0 = Release|Win32
		{BBC74ED3-2BA1-4750-B5D2-8E9AEE105870}.Release|x64.ActiveCfg = Release|x64
		{BBC74ED3-2BA1-4750-B5D2-8E9AEE105870}.Release|x64.Build.0 = Release|x64
	EndGlobalSection
	GlobalSection(SolutionProperties) = preSolution
		HideSolutionNode = FALSE
	EndGlobalSection
EndGlobal
